// !$*UTF8*$!
{
	archiveVersion = 1;
	classes = {
	};
	objectVersion = 77;
	objects = {

/* Begin PBXContainerItemProxy section */
		04D3BD3D2CDF6D660072224C /* PBXContainerItemProxy */ = {
			isa = PBXContainerItemProxy;
			containerPortal = 04D3BD222CDF6D630072224C /* Project object */;
			proxyType = 1;
			remoteGlobalIDString = 04D3BD292CDF6D630072224C;
			remoteInfo = palmapay;
		};
		04D3BD472CDF6D660072224C /* PBXContainerItemProxy */ = {
			isa = PBXContainerItemProxy;
			containerPortal = 04D3BD222CDF6D630072224C /* Project object */;
			proxyType = 1;
			remoteGlobalIDString = 04D3BD292CDF6D630072224C;
			remoteInfo = palmapay;
		};
/* End PBXContainerItemProxy section */

/* Begin PBXFileReference section */
		04D3BD2A2CDF6D630072224C /* palmapay.app */ = {isa = PBXFileReference; explicitFileType = wrapper.application; includeInIndex = 0; path = palmapay.app; sourceTree = BUILT_PRODUCTS_DIR; };
		04D3BD3C2CDF6D660072224C /* palmapayTests.xctest */ = {isa = PBXFileReference; explicitFileType = wrapper.cfbundle; includeInIndex = 0; path = palmapayTests.xctest; sourceTree = BUILT_PRODUCTS_DIR; };
		04D3BD462CDF6D660072224C /* palmapayUITests.xctest */ = {isa = PBXFileReference; explicitFileType = wrapper.cfbundle; includeInIndex = 0; path = palmapayUITests.xctest; sourceTree = BUILT_PRODUCTS_DIR; };
/* End PBXFileReference section */

/* Begin PBXFileSystemSynchronizedBuildFileExceptionSet section */
		042A167A2CDFA4A30087D8F7 /* Exceptions for "palmapay" folder in "palmapay" target */ = {
			isa = PBXFileSystemSynchronizedBuildFileExceptionSet;
			membershipExceptions = (
				Info.plist,
			);
			target = 04D3BD292CDF6D630072224C /* palmapay */;
		};
/* End PBXFileSystemSynchronizedBuildFileExceptionSet section */

/* Begin PBXFileSystemSynchronizedRootGroup section */
		04D3BD2C2CDF6D630072224C /* palmapay */ = {
			isa = PBXFileSystemSynchronizedRootGroup;
			exceptions = (
				042A167A2CDFA4A30087D8F7 /* Exceptions for "palmapay" folder in "palmapay" target */,
			);
			path = palmapay;
			sourceTree = "<group>";
		};
		04D3BD3F2CDF6D660072224C /* palmapayTests */ = {
			isa = PBXFileSystemSynchronizedRootGroup;
			path = palmapayTests;
			sourceTree = "<group>";
		};
		04D3BD492CDF6D660072224C /* palmapayUITests */ = {
			isa = PBXFileSystemSynchronizedRootGroup;
			path = palmapayUITests;
			sourceTree = "<group>";
		};
/* End PBXFileSystemSynchronizedRootGroup section */

/* Begin PBXFrameworksBuildPhase section */
		04D3BD272CDF6D630072224C /* Frameworks */ = {
			isa = PBXFrameworksBuildPhase;
			buildActionMask = 2147483647;
			files = (
			);
			runOnlyForDeploymentPostprocessing = 0;
		};
		04D3BD392CDF6D660072224C /* Frameworks */ = {
			isa = PBXFrameworksBuildPhase;
			buildActionMask = 2147483647;
			files = (
			);
			runOnlyForDeploymentPostprocessing = 0;
		};
		04D3BD432CDF6D660072224C /* Frameworks */ = {
			isa = PBXFrameworksBuildPhase;
			buildActionMask = 2147483647;
			files = (
			);
			runOnlyForDeploymentPostprocessing = 0;
		};
/* End PBXFrameworksBuildPhase section */

/* Begin PBXGroup section */
		04D3BD212CDF6D630072224C = {
			isa = PBXGroup;
			children = (
				04D3BD2C2CDF6D630072224C /* palmapay */,
				04D3BD3F2CDF6D660072224C /* palmapayTests */,
				04D3BD492CDF6D660072224C /* palmapayUITests */,
				04D3BD2B2CDF6D630072224C /* Products */,
			);
			sourceTree = "<group>";
		};
		04D3BD2B2CDF6D630072224C /* Products */ = {
			isa = PBXGroup;
			children = (
				04D3BD2A2CDF6D630072224C /* palmapay.app */,
				04D3BD3C2CDF6D660072224C /* palmapayTests.xctest */,
				04D3BD462CDF6D660072224C /* palmapayUITests.xctest */,
			);
			name = Products;
			sourceTree = "<group>";
		};
/* End PBXGroup section */

/* Begin PBXNativeTarget section */
		04D3BD292CDF6D630072224C /* palmapay */ = {
			isa = PBXNativeTarget;
			buildConfigurationList = 04D3BD502CDF6D660072224C /* Build configuration list for PBXNativeTarget "palmapay" */;
			buildPhases = (
				04D3BD262CDF6D630072224C /* Sources */,
				04D3BD272CDF6D630072224C /* Frameworks */,
				04D3BD282CDF6D630072224C /* Resources */,
			);
			buildRules = (
			);
			dependencies = (
			);
			fileSystemSynchronizedGroups = (
				04D3BD2C2CDF6D630072224C /* palmapay */,
			);
			name = palmapay;
			packageProductDependencies = (
			);
			productName = palmapay;
			productReference = 04D3BD2A2CDF6D630072224C /* palmapay.app */;
			productType = "com.apple.product-type.application";
		};
		04D3BD3B2CDF6D660072224C /* palmapayTests */ = {
			isa = PBXNativeTarget;
			buildConfigurationList = 04D3BD532CDF6D660072224C /* Build configuration list for PBXNativeTarget "palmapayTests" */;
			buildPhases = (
				04D3BD382CDF6D660072224C /* Sources */,
				04D3BD392CDF6D660072224C /* Frameworks */,
				04D3BD3A2CDF6D660072224C /* Resources */,
			);
			buildRules = (
			);
			dependencies = (
				04D3BD3E2CDF6D660072224C /* PBXTargetDependency */,
			);
			fileSystemSynchronizedGroups = (
				04D3BD3F2CDF6D660072224C /* palmapayTests */,
			);
			name = palmapayTests;
			packageProductDependencies = (
			);
			productName = palmapayTests;
			productReference = 04D3BD3C2CDF6D660072224C /* palmapayTests.xctest */;
			productType = "com.apple.product-type.bundle.unit-test";
		};
		04D3BD452CDF6D660072224C /* palmapayUITests */ = {
			isa = PBXNativeTarget;
			buildConfigurationList = 04D3BD562CDF6D660072224C /* Build configuration list for PBXNativeTarget "palmapayUITests" */;
			buildPhases = (
				04D3BD422CDF6D660072224C /* Sources */,
				04D3BD432CDF6D660072224C /* Frameworks */,
				04D3BD442CDF6D660072224C /* Resources */,
			);
			buildRules = (
			);
			dependencies = (
				04D3BD482CDF6D660072224C /* PBXTargetDependency */,
			);
			fileSystemSynchronizedGroups = (
				04D3BD492CDF6D660072224C /* palmapayUITests */,
			);
			name = palmapayUITests;
			packageProductDependencies = (
			);
			productName = palmapayUITests;
			productReference = 04D3BD462CDF6D660072224C /* palmapayUITests.xctest */;
			productType = "com.apple.product-type.bundle.ui-testing";
		};
/* End PBXNativeTarget section */

/* Begin PBXProject section */
		04D3BD222CDF6D630072224C /* Project object */ = {
			isa = PBXProject;
			attributes = {
				BuildIndependentTargetsInParallel = 1;
				LastSwiftUpdateCheck = 1600;
				LastUpgradeCheck = 1600;
				TargetAttributes = {
					04D3BD292CDF6D630072224C = {
						CreatedOnToolsVersion = 16.0;
					};
					04D3BD3B2CDF6D660072224C = {
						CreatedOnToolsVersion = 16.0;
						TestTargetID = 04D3BD292CDF6D630072224C;
					};
					04D3BD452CDF6D660072224C = {
						CreatedOnToolsVersion = 16.0;
						TestTargetID = 04D3BD292CDF6D630072224C;
					};
				};
			};
			buildConfigurationList = 04D3BD252CDF6D630072224C /* Build configuration list for PBXProject "palmapay" */;
			developmentRegion = en;
			hasScannedForEncodings = 0;
			knownRegions = (
				en,
				Base,
			);
			mainGroup = 04D3BD212CDF6D630072224C;
			minimizedProjectReferenceProxies = 1;
			packageReferences = (
				042A16642CDF965B0087D8F7 /* XCRemoteSwiftPackageReference "SVGKit" */,
			);
			preferredProjectObjectVersion = 77;
			productRefGroup = 04D3BD2B2CDF6D630072224C /* Products */;
			projectDirPath = "";
			projectRoot = "";
			targets = (
				04D3BD292CDF6D630072224C /* palmapay */,
				04D3BD3B2CDF6D660072224C /* palmapayTests */,
				04D3BD452CDF6D660072224C /* palmapayUITests */,
			);
		};
/* End PBXProject section */

/* Begin PBXResourcesBuildPhase section */
		04D3BD282CDF6D630072224C /* Resources */ = {
			isa = PBXResourcesBuildPhase;
			buildActionMask = 2147483647;
			files = (
			);
			runOnlyForDeploymentPostprocessing = 0;
		};
		04D3BD3A2CDF6D660072224C /* Resources */ = {
			isa = PBXResourcesBuildPhase;
			buildActionMask = 2147483647;
			files = (
			);
			runOnlyForDeploymentPostprocessing = 0;
		};
		04D3BD442CDF6D660072224C /* Resources */ = {
			isa = PBXResourcesBuildPhase;
			buildActionMask = 2147483647;
			files = (
			);
			runOnlyForDeploymentPostprocessing = 0;
		};
/* End PBXResourcesBuildPhase section */

/* Begin PBXSourcesBuildPhase section */
		04D3BD262CDF6D630072224C /* Sources */ = {
			isa = PBXSourcesBuildPhase;
			buildActionMask = 2147483647;
			files = (
			);
			runOnlyForDeploymentPostprocessing = 0;
		};
		04D3BD382CDF6D660072224C /* Sources */ = {
			isa = PBXSourcesBuildPhase;
			buildActionMask = 2147483647;
			files = (
			);
			runOnlyForDeploymentPostprocessing = 0;
		};
		04D3BD422CDF6D660072224C /* Sources */ = {
			isa = PBXSourcesBuildPhase;
			buildActionMask = 2147483647;
			files = (
			);
			runOnlyForDeploymentPostprocessing = 0;
		};
/* End PBXSourcesBuildPhase section */

/* Begin PBXTargetDependency section */
		04D3BD3E2CDF6D660072224C /* PBXTargetDependency */ = {
			isa = PBXTargetDependency;
			target = 04D3BD292CDF6D630072224C /* palmapay */;
			targetProxy = 04D3BD3D2CDF6D660072224C /* PBXContainerItemProxy */;
		};
		04D3BD482CDF6D660072224C /* PBXTargetDependency */ = {
			isa = PBXTargetDependency;
			target = 04D3BD292CDF6D630072224C /* palmapay */;
			targetProxy = 04D3BD472CDF6D660072224C /* PBXContainerItemProxy */;
		};
/* End PBXTargetDependency section */

/* Begin XCBuildConfiguration section */
		04D3BD4E2CDF6D660072224C /* Debug */ = {
			isa = XCBuildConfiguration;
			buildSettings = {
				ALWAYS_SEARCH_USER_PATHS = NO;
				ASSETCATALOG_COMPILER_GENERATE_SWIFT_ASSET_SYMBOL_EXTENSIONS = YES;
				CLANG_ANALYZER_NONNULL = YES;
				CLANG_ANALYZER_NUMBER_OBJECT_CONVERSION = YES_AGGRESSIVE;
				CLANG_CXX_LANGUAGE_STANDARD = "gnu++20";
				CLANG_ENABLE_MODULES = YES;
				CLANG_ENABLE_OBJC_ARC = YES;
				CLANG_ENABLE_OBJC_WEAK = YES;
				CLANG_WARN_BLOCK_CAPTURE_AUTORELEASING = YES;
				CLANG_WARN_BOOL_CONVERSION = YES;
				CLANG_WARN_COMMA = YES;
				CLANG_WARN_CONSTANT_CONVERSION = YES;
				CLANG_WARN_DEPRECATED_OBJC_IMPLEMENTATIONS = YES;
				CLANG_WARN_DIRECT_OBJC_ISA_USAGE = YES_ERROR;
				CLANG_WARN_DOCUMENTATION_COMMENTS = YES;
				CLANG_WARN_EMPTY_BODY = YES;
				CLANG_WARN_ENUM_CONVERSION = YES;
				CLANG_WARN_INFINITE_RECURSION = YES;
				CLANG_WARN_INT_CONVERSION = YES;
				CLANG_WARN_NON_LITERAL_NULL_CONVERSION = YES;
				CLANG_WARN_OBJC_IMPLICIT_RETAIN_SELF = YES;
				CLANG_WARN_OBJC_LITERAL_CONVERSION = YES;
				CLANG_WARN_OBJC_ROOT_CLASS = YES_ERROR;
				CLANG_WARN_QUOTED_INCLUDE_IN_FRAMEWORK_HEADER = YES;
				CLANG_WARN_RANGE_LOOP_ANALYSIS = YES;
				CLANG_WARN_STRICT_PROTOTYPES = YES;
				CLANG_WARN_SUSPICIOUS_MOVE = YES;
				CLANG_WARN_UNGUARDED_AVAILABILITY = YES_AGGRESSIVE;
				CLANG_WARN_UNREACHABLE_CODE = YES;
				CLANG_WARN__DUPLICATE_METHOD_MATCH = YES;
				COPY_PHASE_STRIP = NO;
				DEBUG_INFORMATION_FORMAT = dwarf;
				ENABLE_STRICT_OBJC_MSGSEND = YES;
				ENABLE_TESTABILITY = YES;
				ENABLE_USER_SCRIPT_SANDBOXING = YES;
				GCC_C_LANGUAGE_STANDARD = gnu17;
				GCC_DYNAMIC_NO_PIC = NO;
				GCC_NO_COMMON_BLOCKS = YES;
				GCC_OPTIMIZATION_LEVEL = 0;
				GCC_PREPROCESSOR_DEFINITIONS = (
					"DEBUG=1",
					"$(inherited)",
				);
				GCC_WARN_64_TO_32_BIT_CONVERSION = YES;
				GCC_WARN_ABOUT_RETURN_TYPE = YES_ERROR;
				GCC_WARN_UNDECLARED_SELECTOR = YES;
				GCC_WARN_UNINITIALIZED_AUTOS = YES_AGGRESSIVE;
				GCC_WARN_UNUSED_FUNCTION = YES;
				GCC_WARN_UNUSED_VARIABLE = YES;
				IPHONEOS_DEPLOYMENT_TARGET = 18.0;
				LOCALIZATION_PREFERS_STRING_CATALOGS = YES;
				MTL_ENABLE_DEBUG_INFO = INCLUDE_SOURCE;
				MTL_FAST_MATH = YES;
				ONLY_ACTIVE_ARCH = YES;
				SDKROOT = iphoneos;
				SWIFT_ACTIVE_COMPILATION_CONDITIONS = "DEBUG $(inherited)";
				SWIFT_OPTIMIZATION_LEVEL = "-Onone";
			};
			name = Debug;
		};
		04D3BD4F2CDF6D660072224C /* Release */ = {
			isa = XCBuildConfiguration;
			buildSettings = {
				ALWAYS_SEARCH_USER_PATHS = NO;
				ASSETCATALOG_COMPILER_GENERATE_SWIFT_ASSET_SYMBOL_EXTENSIONS = YES;
				CLANG_ANALYZER_NONNULL = YES;
				CLANG_ANALYZER_NUMBER_OBJECT_CONVERSION = YES_AGGRESSIVE;
				CLANG_CXX_LANGUAGE_STANDARD = "gnu++20";
				CLANG_ENABLE_MODULES = YES;
				CLANG_ENABLE_OBJC_ARC = YES;
				CLANG_ENABLE_OBJC_WEAK = YES;
				CLANG_WARN_BLOCK_CAPTURE_AUTORELEASING = YES;
				CLANG_WARN_BOOL_CONVERSION = YES;
				CLANG_WARN_COMMA = YES;
				CLANG_WARN_CONSTANT_CONVERSION = YES;
				CLANG_WARN_DEPRECATED_OBJC_IMPLEMENTATIONS = YES;
				CLANG_WARN_DIRECT_OBJC_ISA_USAGE = YES_ERROR;
				CLANG_WARN_DOCUMENTATION_COMMENTS = YES;
				CLANG_WARN_EMPTY_BODY = YES;
				CLANG_WARN_ENUM_CONVERSION = YES;
				CLANG_WARN_INFINITE_RECURSION = YES;
				CLANG_WARN_INT_CONVERSION = YES;
				CLANG_WARN_NON_LITERAL_NULL_CONVERSION = YES;
				CLANG_WARN_OBJC_IMPLICIT_RETAIN_SELF = YES;
				CLANG_WARN_OBJC_LITERAL_CONVERSION = YES;
				CLANG_WARN_OBJC_ROOT_CLASS = YES_ERROR;
				CLANG_WARN_QUOTED_INCLUDE_IN_FRAMEWORK_HEADER = YES;
				CLANG_WARN_RANGE_LOOP_ANALYSIS = YES;
				CLANG_WARN_STRICT_PROTOTYPES = YES;
				CLANG_WARN_SUSPICIOUS_MOVE = YES;
				CLANG_WARN_UNGUARDED_AVAILABILITY = YES_AGGRESSIVE;
				CLANG_WARN_UNREACHABLE_CODE = YES;
				CLANG_WARN__DUPLICATE_METHOD_MATCH = YES;
				COPY_PHASE_STRIP = NO;
				DEBUG_INFORMATION_FORMAT = "dwarf-with-dsym";
				ENABLE_NS_ASSERTIONS = NO;
				ENABLE_STRICT_OBJC_MSGSEND = YES;
				ENABLE_USER_SCRIPT_SANDBOXING = YES;
				GCC_C_LANGUAGE_STANDARD = gnu17;
				GCC_NO_COMMON_BLOCKS = YES;
				GCC_WARN_64_TO_32_BIT_CONVERSION = YES;
				GCC_WARN_ABOUT_RETURN_TYPE = YES_ERROR;
				GCC_WARN_UNDECLARED_SELECTOR = YES;
				GCC_WARN_UNINITIALIZED_AUTOS = YES_AGGRESSIVE;
				GCC_WARN_UNUSED_FUNCTION = YES;
				GCC_WARN_UNUSED_VARIABLE = YES;
				IPHONEOS_DEPLOYMENT_TARGET = 18.0;
				LOCALIZATION_PREFERS_STRING_CATALOGS = YES;
				MTL_ENABLE_DEBUG_INFO = NO;
				MTL_FAST_MATH = YES;
				SDKROOT = iphoneos;
				SWIFT_COMPILATION_MODE = wholemodule;
				VALIDATE_PRODUCT = YES;
			};
			name = Release;
		};
		04D3BD512CDF6D660072224C /* Debug */ = {
			isa = XCBuildConfiguration;
			buildSettings = {
				ASSETCATALOG_COMPILER_APPICON_NAME = AppIcon;
				ASSETCATALOG_COMPILER_GLOBAL_ACCENT_COLOR_NAME = AccentColor;
				CODE_SIGN_STYLE = Automatic;
				CURRENT_PROJECT_VERSION = 1;
				DEVELOPMENT_ASSET_PATHS = "\"palmapay/Preview Content\"";
				DEVELOPMENT_TEAM = NWTU8FZ93B;
				ENABLE_PREVIEWS = YES;
				GENERATE_INFOPLIST_FILE = YES;
				INFOPLIST_FILE = palmapay/Info.plist;
				INFOPLIST_KEY_CFBundleDisplayName = "";
				INFOPLIST_KEY_LSApplicationCategoryType = "";
				INFOPLIST_KEY_UIApplicationSceneManifest_Generation = YES;
				INFOPLIST_KEY_UIApplicationSupportsIndirectInputEvents = YES;
				INFOPLIST_KEY_UILaunchScreen_Generation = YES;
				INFOPLIST_KEY_UISupportedInterfaceOrientations_iPad = "UIInterfaceOrientationPortrait UIInterfaceOrientationPortraitUpsideDown UIInterfaceOrientationLandscapeLeft UIInterfaceOrientationLandscapeRight";
				INFOPLIST_KEY_UISupportedInterfaceOrientations_iPhone = "UIInterfaceOrientationPortrait UIInterfaceOrientationLandscapeLeft UIInterfaceOrientationLandscapeRight";
				LD_RUNPATH_SEARCH_PATHS = (
					"$(inherited)",
					"@executable_path/Frameworks",
				);
				MARKETING_VERSION = 1.0;
				PRODUCT_BUNDLE_IDENTIFIER = com.rafe.palmapay;
				PRODUCT_NAME = "$(TARGET_NAME)";
				SWIFT_EMIT_LOC_STRINGS = YES;
				SWIFT_VERSION = 5.0;
				TARGETED_DEVICE_FAMILY = "1,2";
			};
			name = Debug;
		};
		04D3BD522CDF6D660072224C /* Release */ = {
			isa = XCBuildConfiguration;
			buildSettings = {
				ASSETCATALOG_COMPILER_APPICON_NAME = AppIcon;
				ASSETCATALOG_COMPILER_GLOBAL_ACCENT_COLOR_NAME = AccentColor;
				CODE_SIGN_STYLE = Automatic;
				CURRENT_PROJECT_VERSION = 1;
				DEVELOPMENT_ASSET_PATHS = "\"palmapay/Preview Content\"";
				DEVELOPMENT_TEAM = NWTU8FZ93B;
				ENABLE_PREVIEWS = YES;
				GENERATE_INFOPLIST_FILE = YES;
				INFOPLIST_FILE = palmapay/Info.plist;
				INFOPLIST_KEY_CFBundleDisplayName = "";
				INFOPLIST_KEY_LSApplicationCategoryType = "";
				INFOPLIST_KEY_UIApplicationSceneManifest_Generation = YES;
				INFOPLIST_KEY_UIApplicationSupportsIndirectInputEvents = YES;
				INFOPLIST_KEY_UILaunchScreen_Generation = YES;
				INFOPLIST_KEY_UISupportedInterfaceOrientations_iPad = "UIInterfaceOrientationPortrait UIInterfaceOrientationPortraitUpsideDown UIInterfaceOrientationLandscapeLeft UIInterfaceOrientationLandscapeRight";
				INFOPLIST_KEY_UISupportedInterfaceOrientations_iPhone = "UIInterfaceOrientationPortrait UIInterfaceOrientationLandscapeLeft UIInterfaceOrientationLandscapeRight";
				LD_RUNPATH_SEARCH_PATHS = (
					"$(inherited)",
					"@executable_path/Frameworks",
				);
				MARKETING_VERSION = 1.0;
				PRODUCT_BUNDLE_IDENTIFIER = com.rafe.palmapay;
				PRODUCT_NAME = "$(TARGET_NAME)";
				SWIFT_EMIT_LOC_STRINGS = YES;
				SWIFT_VERSION = 5.0;
				TARGETED_DEVICE_FAMILY = "1,2";
			};
			name = Release;
		};
		04D3BD542CDF6D660072224C /* Debug */ = {
			isa = XCBuildConfiguration;
			buildSettings = {
				BUNDLE_LOADER = "$(TEST_HOST)";
				CODE_SIGN_STYLE = Automatic;
				CURRENT_PROJECT_VERSION = 1;
				DEVELOPMENT_TEAM = NWTU8FZ93B;
				GENERATE_INFOPLIST_FILE = YES;
				IPHONEOS_DEPLOYMENT_TARGET = 18.0;
				MARKETING_VERSION = 1.0;
				PRODUCT_BUNDLE_IDENTIFIER = com.rafe.palmapayTests;
				PRODUCT_NAME = "$(TARGET_NAME)";
				SWIFT_EMIT_LOC_STRINGS = NO;
				SWIFT_VERSION = 5.0;
				TARGETED_DEVICE_FAMILY = "1,2";
				TEST_HOST = "$(BUILT_PRODUCTS_DIR)/palmapay.app/$(BUNDLE_EXECUTABLE_FOLDER_PATH)/palmapay";
			};
			name = Debug;
		};
		04D3BD552CDF6D660072224C /* Release */ = {
			isa = XCBuildConfiguration;
			buildSettings = {
				BUNDLE_LOADER = "$(TEST_HOST)";
				CODE_SIGN_STYLE = Automatic;
				CURRENT_PROJECT_VERSION = 1;
				DEVELOPMENT_TEAM = NWTU8FZ93B;
				GENERATE_INFOPLIST_FILE = YES;
				IPHONEOS_DEPLOYMENT_TARGET = 18.0;
				MARKETING_VERSION = 1.0;
				PRODUCT_BUNDLE_IDENTIFIER = com.rafe.palmapayTests;
				PRODUCT_NAME = "$(TARGET_NAME)";
				SWIFT_EMIT_LOC_STRINGS = NO;
				SWIFT_VERSION = 5.0;
				TARGETED_DEVICE_FAMILY = "1,2";
				TEST_HOST = "$(BUILT_PRODUCTS_DIR)/palmapay.app/$(BUNDLE_EXECUTABLE_FOLDER_PATH)/palmapay";
			};
			name = Release;
		};
		04D3BD572CDF6D660072224C /* Debug */ = {
			isa = XCBuildConfiguration;
			buildSettings = {
				CODE_SIGN_STYLE = Automatic;
				CURRENT_PROJECT_VERSION = 1;
				DEVELOPMENT_TEAM = NWTU8FZ93B;
				GENERATE_INFOPLIST_FILE = YES;
				MARKETING_VERSION = 1.0;
				PRODUCT_BUNDLE_IDENTIFIER = com.rafe.palmapayUITests;
				PRODUCT_NAME = "$(TARGET_NAME)";
				SWIFT_EMIT_LOC_STRINGS = NO;
				SWIFT_VERSION = 5.0;
				TARGETED_DEVICE_FAMILY = "1,2";
				TEST_TARGET_NAME = palmapay;
			};
			name = Debug;
		};
		04D3BD582CDF6D660072224C /* Release */ = {
			isa = XCBuildConfiguration;
			buildSettings = {
				CODE_SIGN_STYLE = Automatic;
				CURRENT_PROJECT_VERSION = 1;
				DEVELOPMENT_TEAM = NWTU8FZ93B;
				GENERATE_INFOPLIST_FILE = YES;
				MARKETING_VERSION = 1.0;
				PRODUCT_BUNDLE_IDENTIFIER = com.rafe.palmapayUITests;
				PRODUCT_NAME = "$(TARGET_NAME)";
				SWIFT_EMIT_LOC_STRINGS = NO;
				SWIFT_VERSION = 5.0;
				TARGETED_DEVICE_FAMILY = "1,2";
				TEST_TARGET_NAME = palmapay;
			};
			name = Release;
		};
/* End XCBuildConfiguration section */

/* Begin XCConfigurationList section */
		04D3BD252CDF6D630072224C /* Build configuration list for PBXProject "palmapay" */ = {
			isa = XCConfigurationList;
			buildConfigurations = (
				04D3BD4E2CDF6D660072224C /* Debug */,
				04D3BD4F2CDF6D660072224C /* Release */,
			);
			defaultConfigurationIsVisible = 0;
			defaultConfigurationName = Release;
		};
		04D3BD502CDF6D660072224C /* Build configuration list for PBXNativeTarget "palmapay" */ = {
			isa = XCConfigurationList;
			buildConfigurations = (
				04D3BD512CDF6D660072224C /* Debug */,
				04D3BD522CDF6D660072224C /* Release */,
			);
			defaultConfigurationIsVisible = 0;
			defaultConfigurationName = Release;
		};
		04D3BD532CDF6D660072224C /* Build configuration list for PBXNativeTarget "palmapayTests" */ = {
			isa = XCConfigurationList;
			buildConfigurations = (
				04D3BD542CDF6D660072224C /* Debug */,
				04D3BD552CDF6D660072224C /* Release */,
			);
			defaultConfigurationIsVisible = 0;
			defaultConfigurationName = Release;
		};
		04D3BD562CDF6D660072224C /* Build configuration list for PBXNativeTarget "palmapayUITests" */ = {
			isa = XCConfigurationList;
			buildConfigurations = (
				04D3BD572CDF6D660072224C /* Debug */,
				04D3BD582CDF6D660072224C /* Release */,
			);
			defaultConfigurationIsVisible = 0;
			defaultConfigurationName = Release;
		};
/* End XCConfigurationList section */

/* Begin XCRemoteSwiftPackageReference section */
		042A16642CDF965B0087D8F7 /* XCRemoteSwiftPackageReference "SVGKit" */ = {
			isa = XCRemoteSwiftPackageReference;
			repositoryURL = "https://github.com/SVGKit/SVGKit";
			requirement = {
				kind = upToNextMajorVersion;
				minimumVersion = 3.0.0;
			};
		};
/* End XCRemoteSwiftPackageReference section */
	};
	rootObject = 04D3BD222CDF6D630072224C /* Project object */;
}
